
Microsoft Visual Studio Solution File, Format Version 12.00
# Visual Studio Version 16
VisualStudioVersion = 16.0.32106.194
MinimumVisualStudioVersion = 10.0.40219.1
Project("{FAE04EC0-301F-11D3-BF4B-00C04F79EFBC}") = "Order_Eats.UWP", "Order_Eats\Order_Eats.UWP\Order_Eats.UWP.csproj", "{04D639F3-147F-47AB-AA03-039A8C397489}"
EndProject
Project("{FAE04EC0-301F-11D3-BF4B-00C04F79EFBC}") = "Order_Eats.Android", "Order_Eats\Order_Eats.Android\Order_Eats.Android.csproj", "{D18C1BB2-C4CC-4129-8D39-932CAD20B990}"
EndProject
Project("{FAE04EC0-301F-11D3-BF4B-00C04F79EFBC}") = "Order_Eats.iOS", "Order_Eats\Order_Eats.iOS\Order_Eats.iOS.csproj", "{43684129-2A37-4C69-9C7A-4C317B5AE166}"
EndProject
Project("{FAE04EC0-301F-11D3-BF4B-00C04F79EFBC}") = "Order_Eats", "Order_Eats\Order_Eats\Order_Eats.csproj", "{20ACC36D-1B32-4A2A-B06B-EB3869D1A5A6}"
EndProject
Global
	GlobalSection(SolutionConfigurationPlatforms) = preSolution
		Debug|Any CPU = Debug|Any CPU
		Debug|ARM = Debug|ARM
		Debug|iPhone = Debug|iPhone
		Debug|iPhoneSimulator = Debug|iPhoneSimulator
		Debug|x64 = Debug|x64
		Debug|x86 = Debug|x86
		Release|Any CPU = Release|Any CPU
		Release|ARM = Release|ARM
		Release|iPhone = Release|iPhone
		Release|iPhoneSimulator = Release|iPhoneSimulator
		Release|x64 = Release|x64
		Release|x86 = Release|x86
	EndGlobalSection
	GlobalSection(ProjectConfigurationPlatforms) = postSolution
		{04D639F3-147F-47AB-AA03-039A8C397489}.Debug|Any CPU.ActiveCfg = Debug|x86
		{04D639F3-147F-47AB-AA03-039A8C397489}.Debug|Any CPU.Build.0 = Debug|x86
		{04D639F3-147F-47AB-AA03-039A8C397489}.Debug|Any CPU.Deploy.0 = Debug|x86
		{04D639F3-147F-47AB-AA03-039A8C397489}.Debug|ARM.ActiveCfg = Debug|ARM
		{04D639F3-147F-47AB-AA03-039A8C397489}.Debug|ARM.Build.0 = Debug|ARM
		{04D639F3-147F-47AB-AA03-039A8C397489}.Debug|ARM.Deploy.0 = Debug|ARM
		{04D639F3-147F-47AB-AA03-039A8C397489}.Debug|iPhone.ActiveCfg = Debug|x86
		{04D639F3-147F-47AB-AA03-039A8C397489}.Debug|iPhone.Build.0 = Debug|x86
		{04D639F3-147F-47AB-AA03-039A8C397489}.Debug|iPhone.Deploy.0 = Debug|x86
		{04D639F3-147F-47AB-AA03-039A8C397489}.Debug|iPhoneSimulator.ActiveCfg = Debug|x86
		{04D639F3-147F-47AB-AA03-039A8C397489}.Debug|iPhoneSimulator.Build.0 = Debug|x86
		{04D639F3-147F-47AB-AA03-039A8C397489}.Debug|iPhoneSimulator.Deploy.0 = Debug|x86
		{04D639F3-147F-47AB-AA03-039A8C397489}.Debug|x64.ActiveCfg = Debug|x64
		{04D639F3-147F-47AB-AA03-039A8C397489}.Debug|x64.Build.0 = Debug|x64
		{04D639F3-147F-47AB-AA03-039A8C397489}.Debug|x64.Deploy.0 = Debug|x64
		{04D639F3-147F-47AB-AA03-039A8C397489}.Debug|x86.ActiveCfg = Debug|x86
		{04D639F3-147F-47AB-AA03-039A8C397489}.Debug|x86.Build.0 = Debug|x86
		{04D639F3-147F-47AB-AA03-039A8C397489}.Debug|x86.Deploy.0 = Debug|x86
		{04D639F3-147F-47AB-AA03-039A8C397489}.Release|Any CPU.ActiveCfg = Release|x86
		{04D639F3-147F-47AB-AA03-039A8C397489}.Release|Any CPU.Build.0 = Release|x86
		{04D639F3-147F-47AB-AA03-039A8C397489}.Release|Any CPU.Deploy.0 = Release|x86
		{04D639F3-147F-47AB-AA03-039A8C397489}.Release|ARM.ActiveCfg = Release|ARM
		{04D639F3-147F-47AB-AA03-039A8C397489}.Release|ARM.Build.0 = Release|ARM
		{04D639F3-147F-47AB-AA03-039A8C397489}.Release|ARM.Deploy.0 = Release|ARM
		{04D639F3-147F-47AB-AA03-039A8C397489}.Release|iPhone.ActiveCfg = Release|x86
		{04D639F3-147F-47AB-AA03-039A8C397489}.Release|iPhone.Build.0 = Release|x86
		{04D639F3-147F-47AB-AA03-039A8C397489}.Release|iPhone.Deploy.0 = Release|x86
		{04D639F3-147F-47AB-AA03-039A8C397489}.Release|iPhoneSimulator.ActiveCfg = Release|x86
		{04D639F3-147F-47AB-AA03-039A8C397489}.Release|iPhoneSimulator.Build.0 = Release|x86
		{04D639F3-147F-47AB-AA03-039A8C397489}.Release|iPhoneSimulator.Deploy.0 = Release|x86
		{04D639F3-147F-47AB-AA03-039A8C397489}.Release|x64.ActiveCfg = Release|x64
		{04D639F3-147F-47AB-AA03-039A8C397489}.Release|x64.Build.0 = Release|x64
		{04D639F3-147F-47AB-AA03-039A8C397489}.Release|x64.Deploy.0 = Release|x64
		{04D639F3-147F-47AB-AA03-039A8C397489}.Release|x86.ActiveCfg = Release|x86
		{04D639F3-147F-47AB-AA03-039A8C397489}.Release|x86.Build.0 = Release|x86
		{04D639F3-147F-47AB-AA03-039A8C397489}.Release|x86.Deploy.0 = Release|x86
		{D18C1BB2-C4CC-4129-8D39-932CAD20B990}.Debug|Any CPU.ActiveCfg = Debug|Any CPU
		{D18C1BB2-C4CC-4129-8D39-932CAD20B990}.Debug|Any CPU.Build.0 = Debug|Any CPU
		{D18C1BB2-C4CC-4129-8D39-932CAD20B990}.Debug|Any CPU.Deploy.0 = Debug|Any CPU
		{D18C1BB2-C4CC-4129-8D39-932CAD20B990}.Debug|ARM.ActiveCfg = Debug|Any CPU
		{D18C1BB2-C4CC-4129-8D39-932CAD20B990}.Debug|ARM.Build.0 = Debug|Any CPU
		{D18C1BB2-C4CC-4129-8D39-932CAD20B990}.Debug|ARM.Deploy.0 = Debug|Any CPU
		{D18C1BB2-C4CC-4129-8D39-932CAD20B990}.Debug|iPhone.ActiveCfg = Debug|Any CPU
		{D18C1BB2-C4CC-4129-8D39-932CAD20B990}.Debug|iPhone.Build.0 = Debug|Any CPU
		{D18C1BB2-C4CC-4129-8D39-932CAD20B990}.Debug|iPhone.Deploy.0 = Debug|Any CPU
		{D18C1BB2-C4CC-4129-8D39-932CAD20B990}.Debug|iPhoneSimulator.ActiveCfg = Debug|Any CPU
		{D18C1BB2-C4CC-4129-8D39-932CAD20B990}.Debug|iPhoneSimulator.Build.0 = Debug|Any CPU
		{D18C1BB2-C4CC-4129-8D39-932CAD20B990}.Debug|iPhoneSimulator.Deploy.0 = Debug|Any CPU
		{D18C1BB2-C4CC-4129-8D39-932CAD20B990}.Debug|x64.ActiveCfg = Debug|Any CPU
		{D18C1BB2-C4CC-4129-8D39-932CAD20B990}.Debug|x64.Build.0 = Debug|Any CPU
		{D18C1BB2-C4CC-4129-8D39-932CAD20B990}.Debug|x64.Deploy.0 = Debug|Any CPU
		{D18C1BB2-C4CC-4129-8D39-932CAD20B990}.Debug|x86.ActiveCfg = Debug|Any CPU
		{D18C1BB2-C4CC-4129-8D39-932CAD20B990}.Debug|x86.Build.0 = Debug|Any CPU
		{D18C1BB2-C4CC-4129-8D39-932CAD20B990}.Debug|x86.Deploy.0 = Debug|Any CPU
		{D18C1BB2-C4CC-4129-8D39-932CAD20B990}.Release|Any CPU.ActiveCfg = Release|Any CPU
		{D18C1BB2-C4CC-4129-8D39-932CAD20B990}.Release|Any CPU.Build.0 = Release|Any CPU
		{D18C1BB2-C4CC-4129-8D39-932CAD20B990}.Release|Any CPU.Deploy.0 = Release|Any CPU
		{D18C1BB2-C4CC-4129-8D39-932CAD20B990}.Release|ARM.ActiveCfg = Release|Any CPU
		{D18C1BB2-C4CC-4129-8D39-932CAD20B990}.Release|ARM.Build.0 = Release|Any CPU
		{D18C1BB2-C4CC-4129-8D39-932CAD20B990}.Release|ARM.Deploy.0 = Release|Any CPU
		{D18C1BB2-C4CC-4129-8D39-932CAD20B990}.Release|iPhone.ActiveCfg = Release|Any CPU
		{D18C1BB2-C4CC-4129-8D39-932CAD20B990}.Release|iPhone.Build.0 = Release|Any CPU
		{D18C1BB2-C4CC-4129-8D39-932CAD20B990}.Release|iPhone.Deploy.0 = Release|Any CPU
		{D18C1BB2-C4CC-4129-8D39-932CAD20B990}.Release|iPhoneSimulator.ActiveCfg = Release|Any CPU
		{D18C1BB2-C4CC-4129-8D39-932CAD20B990}.Release|iPhoneSimulator.Build.0 = Release|Any CPU
		{D18C1BB2-C4CC-4129-8D39-932CAD20B990}.Release|iPhoneSimulator.Deploy.0 = Release|Any CPU
		{D18C1BB2-C4CC-4129-8D39-932CAD20B990}.Release|x64.ActiveCfg = Release|Any CPU
		{D18C1BB2-C4CC-4129-8D39-932CAD20B990}.Release|x64.Build.0 = Release|Any CPU
		{D18C1BB2-C4CC-4129-8D39-932CAD20B990}.Release|x64.Deploy.0 = Release|Any CPU
		{D18C1BB2-C4CC-4129-8D39-932CAD20B990}.Release|x86.ActiveCfg = Release|Any CPU
		{D18C1BB2-C4CC-4129-8D39-932CAD20B990}.Release|x86.Build.0 = Release|Any CPU
		{D18C1BB2-C4CC-4129-8D39-932CAD20B990}.Release|x86.Deploy.0 = Release|Any CPU
		{43684129-2A37-4C69-9C7A-4C317B5AE166}.Debug|Any CPU.ActiveCfg = Debug|iPhoneSimulator
		{43684129-2A37-4C69-9C7A-4C317B5AE166}.Debug|Any CPU.Build.0 = Debug|iPhoneSimulator
		{43684129-2A37-4C69-9C7A-4C317B5AE166}.Debug|Any CPU.Deploy.0 = Debug|iPhoneSimulator
		{43684129-2A37-4C69-9C7A-4C317B5AE166}.Debug|ARM.ActiveCfg = Debug|iPhone
		{43684129-2A37-4C69-9C7A-4C317B5AE166}.Debug|ARM.Build.0 = Debug|iPhone
		{43684129-2A37-4C69-9C7A-4C317B5AE166}.Debug|ARM.Deploy.0 = Debug|iPhone
		{43684129-2A37-4C69-9C7A-4C317B5AE166}.Debug|iPhone.ActiveCfg = Debug|iPhone
		{43684129-2A37-4C69-9C7A-4C317B5AE166}.Debug|iPhone.Build.0 = Debug|iPhone
		{43684129-2A37-4C69-9C7A-4C317B5AE166}.Debug|iPhone.Deploy.0 = Debug|iPhone
		{43684129-2A37-4C69-9C7A-4C317B5AE166}.Debug|iPhoneSimulator.ActiveCfg = Debug|iPhoneSimulator
		{43684129-2A37-4C69-9C7A-4C317B5AE166}.Debug|iPhoneSimulator.Build.0 = Debug|iPhoneSimulator
		{43684129-2A37-4C69-9C7A-4C317B5AE166}.Debug|iPhoneSimulator.Deploy.0 = Debug|iPhoneSimulator
		{43684129-2A37-4C69-9C7A-4C317B5AE166}.Debug|x64.ActiveCfg = Debug|iPhoneSimulator
		{43684129-2A37-4C69-9C7A-4C317B5AE166}.Debug|x64.Build.0 = Debug|iPhoneSimulator
		{43684129-2A37-4C69-9C7A-4C317B5AE166}.Debug|x64.Deploy.0 = Debug|iPhoneSimulator
		{43684129-2A37-4C69-9C7A-4C317B5AE166}.Debug|x86.ActiveCfg = Debug|iPhoneSimulator
		{43684129-2A37-4C69-9C7A-4C317B5AE166}.Debug|x86.Build.0 = Debug|iPhoneSimulator
		{43684129-2A37-4C69-9C7A-4C317B5AE166}.Debug|x86.Deploy.0 = Debug|iPhoneSimulator
		{43684129-2A37-4C69-9C7A-4C317B5AE166}.Release|Any CPU.ActiveCfg = Release|iPhoneSimulator
		{43684129-2A37-4C69-9C7A-4C317B5AE166}.Release|Any CPU.Build.0 = Release|iPhoneSimulator
		{43684129-2A37-4C69-9C7A-4C317B5AE166}.Release|Any CPU.Deploy.0 = Release|iPhoneSimulator
		{43684129-2A37-4C69-9C7A-4C317B5AE166}.Release|ARM.ActiveCfg = Release|iPhoneSimulator
		{43684129-2A37-4C69-9C7A-4C317B5AE166}.Release|ARM.Build.0 = Release|iPhoneSimulator
		{43684129-2A37-4C69-9C7A-4C317B5AE166}.Release|ARM.Deploy.0 = Release|iPhoneSimulator
		{43684129-2A37-4C69-9C7A-4C317B5AE166}.Release|iPhone.ActiveCfg = Release|iPhone
		{43684129-2A37-4C69-9C7A-4C317B5AE166}.Release|iPhone.Build.0 = Release|iPhone
		{43684129-2A37-4C69-9C7A-4C317B5AE166}.Release|iPhone.Deploy.0 = Release|iPhone
		{43684129-2A37-4C69-9C7A-4C317B5AE166}.Release|iPhoneSimulator.ActiveCfg = Release|iPhoneSimulator
		{43684129-2A37-4C69-9C7A-4C317B5AE166}.Release|iPhoneSimulator.Build.0 = Release|iPhoneSimulator
		{43684129-2A37-4C69-9C7A-4C317B5AE166}.Release|iPhoneSimulator.Deploy.0 = Release|iPhoneSimulator
		{43684129-2A37-4C69-9C7A-4C317B5AE166}.Release|x64.ActiveCfg = Release|iPhoneSimulator
		{43684129-2A37-4C69-9C7A-4C317B5AE166}.Release|x64.Build.0 = Release|iPhoneSimulator
		{43684129-2A37-4C69-9C7A-4C317B5AE166}.Release|x64.Deploy.0 = Release|iPhoneSimulator
		{43684129-2A37-4C69-9C7A-4C317B5AE166}.Release|x86.ActiveCfg = Release|iPhoneSimulator
		{43684129-2A37-4C69-9C7A-4C317B5AE166}.Release|x86.Build.0 = Release|iPhoneSimulator
		{43684129-2A37-4C69-9C7A-4C317B5AE166}.Release|x86.Deploy.0 = Release|iPhoneSimulator
		{20ACC36D-1B32-4A2A-B06B-EB3869D1A5A6}.Debug|Any CPU.ActiveCfg = Debug|Any CPU
		{20ACC36D-1B32-4A2A-B06B-EB3869D1A5A6}.Debug|Any CPU.Build.0 = Debug|Any CPU
		{20ACC36D-1B32-4A2A-B06B-EB3869D1A5A6}.Debug|Any CPU.Deploy.0 = Debug|Any CPU
		{20ACC36D-1B32-4A2A-B06B-EB3869D1A5A6}.Debug|ARM.ActiveCfg = Debug|Any CPU
		{20ACC36D-1B32-4A2A-B06B-EB3869D1A5A6}.Debug|ARM.Build.0 = Debug|Any CPU
		{20ACC36D-1B32-4A2A-B06B-EB3869D1A5A6}.Debug|ARM.Deploy.0 = Debug|Any CPU
		{20ACC36D-1B32-4A2A-B06B-EB3869D1A5A6}.Debug|iPhone.ActiveCfg = Debug|Any CPU
		{20ACC36D-1B32-4A2A-B06B-EB3869D1A5A6}.Debug|iPhone.Build.0 = Debug|Any CPU
		{20ACC36D-1B32-4A2A-B06B-EB3869D1A5A6}.Debug|iPhone.Deploy.0 = Debug|Any CPU
		{20ACC36D-1B32-4A2A-B06B-EB3869D1A5A6}.Debug|iPhoneSimulator.ActiveCfg = Debug|Any CPU
		{20ACC36D-1B32-4A2A-B06B-EB3869D1A5A6}.Debug|iPhoneSimulator.Build.0 = Debug|Any CPU
		{20ACC36D-1B32-4A2A-B06B-EB3869D1A5A6}.Debug|iPhoneSimulator.Deploy.0 = Debug|Any CPU
		{20ACC36D-1B32-4A2A-B06B-EB3869D1A5A6}.Debug|x64.ActiveCfg = Debug|Any CPU
		{20ACC36D-1B32-4A2A-B06B-EB3869D1A5A6}.Debug|x64.Build.0 = Debug|Any CPU
		{20ACC36D-1B32-4A2A-B06B-EB3869D1A5A6}.Debug|x64.Deploy.0 = Debug|Any CPU
		{20ACC36D-1B32-4A2A-B06B-EB3869D1A5A6}.Debug|x86.ActiveCfg = Debug|Any CPU
		{20ACC36D-1B32-4A2A-B06B-EB3869D1A5A6}.Debug|x86.Build.0 = Debug|Any CPU
		{20ACC36D-1B32-4A2A-B06B-EB3869D1A5A6}.Debug|x86.Deploy.0 = Debug|Any CPU
		{20ACC36D-1B32-4A2A-B06B-EB3869D1A5A6}.Release|Any CPU.ActiveCfg = Release|Any CPU
		{20ACC36D-1B32-4A2A-B06B-EB3869D1A5A6}.Release|Any CPU.Build.0 = Release|Any CPU
		{20ACC36D-1B32-4A2A-B06B-EB3869D1A5A6}.Release|Any CPU.Deploy.0 = Release|Any CPU
		{20ACC36D-1B32-4A2A-B06B-EB3869D1A5A6}.Release|ARM.ActiveCfg = Release|Any CPU
		{20ACC36D-1B32-4A2A-B06B-EB3869D1A5A6}.Release|ARM.Build.0 = Release|Any CPU
		{20ACC36D-1B32-4A2A-B06B-EB3869D1A5A6}.Release|ARM.Deploy.0 = Release|Any CPU
		{20ACC36D-1B32-4A2A-B06B-EB3869D1A5A6}.Release|iPhone.ActiveCfg = Release|Any CPU
		{20ACC36D-1B32-4A2A-B06B-EB3869D1A5A6}.Release|iPhone.Build.0 = Release|Any CPU
		{20ACC36D-1B32-4A2A-B06B-EB3869D1A5A6}.Release|iPhone.Deploy.0 = Release|Any CPU
		{20ACC36D-1B32-4A2A-B06B-EB3869D1A5A6}.Release|iPhoneSimulator.ActiveCfg = Release|Any CPU
		{20ACC36D-1B32-4A2A-B06B-EB3869D1A5A6}.Release|iPhoneSimulator.Build.0 = Release|Any CPU
		{20ACC36D-1B32-4A2A-B06B-EB3869D1A5A6}.Release|iPhoneSimulator.Deploy.0 = Release|Any CPU
		{20ACC36D-1B32-4A2A-B06B-EB3869D1A5A6}.Release|x64.ActiveCfg = Release|Any CPU
		{20ACC36D-1B32-4A2A-B06B-EB3869D1A5A6}.Release|x64.Build.0 = Release|Any CPU
		{20ACC36D-1B32-4A2A-B06B-EB3869D1A5A6}.Release|x64.Deploy.0 = Release|Any CPU
		{20ACC36D-1B32-4A2A-B06B-EB3869D1A5A6}.Release|x86.ActiveCfg = Release|Any CPU
		{20ACC36D-1B32-4A2A-B06B-EB3869D1A5A6}.Release|x86.Build.0 = Release|Any CPU
		{20ACC36D-1B32-4A2A-B06B-EB3869D1A5A6}.Release|x86.Deploy.0 = Release|Any CPU
	EndGlobalSection
	GlobalSection(SolutionProperties) = preSolution
		HideSolutionNode = FALSE
	EndGlobalSection
	GlobalSection(ExtensibilityGlobals) = postSolution
		SolutionGuid = {4941CFE5-35C6-42E9-B663-21D98BB3CF07}
	EndGlobalSection
EndGlobal
